
Microsoft Visual Studio Solution File, Format Version 12.00
# Visual Studio Version 16
VisualStudioVersion = 16.0.31829.152
MinimumVisualStudioVersion = 10.0.40219.1
Project("{FAE04EC0-301F-11D3-BF4B-00C04F79EFBC}") = "Task_15", "Lab15\Task_15.csproj", "{AC20EE03-A02D-424C-BF0A-4D0CE3E7F087}"
EndProject
Global
	GlobalSection(SolutionConfigurationPlatforms) = preSolution
		Debug|Any CPU = Debug|Any CPU
		Release|Any CPU = Release|Any CPU
	EndGlobalSection
	GlobalSection(ProjectConfigurationPlatforms) = postSolution
		{AC20EE03-A02D-424C-BF0A-4D0CE3E7F087}.Debug|Any CPU.ActiveCfg = Debug|Any CPU
		{AC20EE03-A02D-424C-BF0A-4D0CE3E7F087}.Debug|Any CPU.Build.0 = Debug|Any CPU
		{AC20EE03-A02D-424C-BF0A-4D0CE3E7F087}.Release|Any CPU.ActiveCfg = Release|Any CPU
		{AC20EE03-A02D-424C-BF0A-4D0CE3E7F087}.Release|Any CPU.Build.0 = Release|Any CPU
	EndGlobalSection
	GlobalSection(SolutionProperties) = preSolution
		HideSolutionNode = FALSE
	EndGlobalSection
	GlobalSection(ExtensibilityGlobals) = postSolution
		SolutionGuid = {08A079C5-C5C7-427A-8944-4292E8F4CA9B}
	EndGlobalSection
EndGlobal
